
Microsoft Visual Studio Solution File, Format Version 12.00
Project("{FAE04EC0-301F-11D3-BF4B-00C04F79EFBC}") = "ESI.Sharp", "ESI.Sharp\ESI.Sharp.csproj", "{6ADE83A6-7F9F-44C9-8F70-EDB86CDD6846}"
EndProject
Project("{FAE04EC0-301F-11D3-BF4B-00C04F79EFBC}") = "ESI.Sharp.Tests", "ESI.Sharp.Tests\ESI.Sharp.Tests.csproj", "{D0C98AA5-04A5-481F-AC95-C32E82E25B97}"
EndProject

Global
	GlobalSection(SolutionConfigurationPlatforms) = preSolution
		Debug|Any CPU = Debug|Any CPU
		Release|Any CPU = Release|Any CPU
	EndGlobalSection
	GlobalSection(ProjectConfigurationPlatforms) = postSolution
		{6ADE83A6-7F9F-44C9-8F70-EDB86CDD6846}.Debug|Any CPU.ActiveCfg = Debug|Any CPU
		{6ADE83A6-7F9F-44C9-8F70-EDB86CDD6846}.Debug|Any CPU.Build.0 = Debug|Any CPU
		{6ADE83A6-7F9F-44C9-8F70-EDB86CDD6846}.Release|Any CPU.ActiveCfg = Release|Any CPU
		{6ADE83A6-7F9F-44C9-8F70-EDB86CDD6846}.Release|Any CPU.Build.0 = Release|Any CPU
		{D0C98AA5-04A5-481F-AC95-C32E82E25B97}.Debug|Any CPU.ActiveCfg = Debug|Any CPU
		{D0C98AA5-04A5-481F-AC95-C32E82E25B97}.Debug|Any CPU.Build.0 = Debug|Any CPU
		{D0C98AA5-04A5-481F-AC95-C32E82E25B97}.Release|Any CPU.ActiveCfg = Release|Any CPU
		{D0C98AA5-04A5-481F-AC95-C32E82E25B97}.Release|Any CPU.Build.0 = Release|Any CPU
	EndGlobalSection
EndGlobal
